
Microsoft Visual Studio Solution File, Format Version 12.00
# Visual Studio Version 16
VisualStudioVersion = 16.0.30523.141
MinimumVisualStudioVersion = 10.0.40219.1
Project("{9092AA53-FB77-4645-B42D-1CCCA6BD08BD}") = "App", "App\App.njsproj", "{E932678C-2581-4C8C-B096-E2BA1FE59983}"
EndProject
Global
	GlobalSection(SolutionConfigurationPlatforms) = preSolution
		Debug|Any CPU = Debug|Any CPU
		Release|Any CPU = Release|Any CPU
	EndGlobalSection
	GlobalSection(ProjectConfigurationPlatforms) = postSolution
		{E932678C-2581-4C8C-B096-E2BA1FE59983}.Debug|Any CPU.ActiveCfg = Debug|Any CPU
		{E932678C-2581-4C8C-B096-E2BA1FE59983}.Debug|Any CPU.Build.0 = Debug|Any CPU
		{E932678C-2581-4C8C-B096-E2BA1FE59983}.Release|Any CPU.ActiveCfg = Release|Any CPU
		{E932678C-2581-4C8C-B096-E2BA1FE59983}.Release|Any CPU.Build.0 = Release|Any CPU
	EndGlobalSection
	GlobalSection(SolutionProperties) = preSolution
		HideSolutionNode = FALSE
	EndGlobalSection
	GlobalSection(ExtensibilityGlobals) = postSolution
		SolutionGuid = {9BD8AF84-C914-44F2-B921-D4FF3F04F696}
	EndGlobalSection
EndGlobal
